
Microsoft Visual Studio Solution File, Format Version 12.00
Project("{FAE04EC0-301F-11D3-BF4B-00C04F79EFBC}") = "BackendProject", "BackendProject\BackendProject.csproj", "{AE3E90C0-CF2B-46CA-AFD2-28B599EC1145}"
EndProject
Global
	GlobalSection(SolutionConfigurationPlatforms) = preSolution
		Debug|Any CPU = Debug|Any CPU
		Release|Any CPU = Release|Any CPU
	EndGlobalSection
	GlobalSection(ProjectConfigurationPlatforms) = postSolution
		{AE3E90C0-CF2B-46CA-AFD2-28B599EC1145}.Debug|Any CPU.ActiveCfg = Debug|Any CPU
		{AE3E90C0-CF2B-46CA-AFD2-28B599EC1145}.Debug|Any CPU.Build.0 = Debug|Any CPU
		{AE3E90C0-CF2B-46CA-AFD2-28B599EC1145}.Release|Any CPU.ActiveCfg = Release|Any CPU
		{AE3E90C0-CF2B-46CA-AFD2-28B599EC1145}.Release|Any CPU.Build.0 = Release|Any CPU
	EndGlobalSection
EndGlobal
